
Microsoft Visual Studio Solution File, Format Version 12.00
# Visual Studio Version 16
VisualStudioVersion = 16.0.29411.108
MinimumVisualStudioVersion = 10.0.40219.1
Project("{9A19103F-16F7-4668-BE54-9A1E7A4F7556}") = "IntCode Computer", "IntCode Computer\IntCode Computer.csproj", "{223829DF-59CA-49FE-A8E8-90E39569C997}"
EndProject
Project("{9A19103F-16F7-4668-BE54-9A1E7A4F7556}") = "Day7", "Day7\Day7.csproj", "{0668D857-2ED2-4DBA-8936-ECF3EB563C84}"
	ProjectSection(ProjectDependencies) = postProject
		{223829DF-59CA-49FE-A8E8-90E39569C997} = {223829DF-59CA-49FE-A8E8-90E39569C997}
	EndProjectSection
EndProject
Project("{9A19103F-16F7-4668-BE54-9A1E7A4F7556}") = "Day9", "Day9\Day9.csproj", "{18DB394F-703E-466D-8273-398843383611}"
EndProject
Project("{9A19103F-16F7-4668-BE54-9A1E7A4F7556}") = "Day11", "Day11\Day11.csproj", "{409BDD8F-4B8B-4AA9-94D4-1D514ABE6215}"
EndProject
Project("{FAE04EC0-301F-11D3-BF4B-00C04F79EFBC}") = "Day13", "Day13\Day13.csproj", "{B98EF7C8-E6E4-46EE-A085-321937FD1A7B}"
EndProject
Global
	GlobalSection(SolutionConfigurationPlatforms) = preSolution
		Debug|Any CPU = Debug|Any CPU
		Release|Any CPU = Release|Any CPU
	EndGlobalSection
	GlobalSection(ProjectConfigurationPlatforms) = postSolution
		{223829DF-59CA-49FE-A8E8-90E39569C997}.Debug|Any CPU.ActiveCfg = Debug|Any CPU
		{223829DF-59CA-49FE-A8E8-90E39569C997}.Debug|Any CPU.Build.0 = Debug|Any CPU
		{223829DF-59CA-49FE-A8E8-90E39569C997}.Release|Any CPU.ActiveCfg = Release|Any CPU
		{223829DF-59CA-49FE-A8E8-90E39569C997}.Release|Any CPU.Build.0 = Release|Any CPU
		{0668D857-2ED2-4DBA-8936-ECF3EB563C84}.Debug|Any CPU.ActiveCfg = Debug|Any CPU
		{0668D857-2ED2-4DBA-8936-ECF3EB563C84}.Debug|Any CPU.Build.0 = Debug|Any CPU
		{0668D857-2ED2-4DBA-8936-ECF3EB563C84}.Release|Any CPU.ActiveCfg = Release|Any CPU
		{0668D857-2ED2-4DBA-8936-ECF3EB563C84}.Release|Any CPU.Build.0 = Release|Any CPU
		{18DB394F-703E-466D-8273-398843383611}.Debug|Any CPU.ActiveCfg = Debug|Any CPU
		{18DB394F-703E-466D-8273-398843383611}.Debug|Any CPU.Build.0 = Debug|Any CPU
		{18DB394F-703E-466D-8273-398843383611}.Release|Any CPU.ActiveCfg = Release|Any CPU
		{18DB394F-703E-466D-8273-398843383611}.Release|Any CPU.Build.0 = Release|Any CPU
		{409BDD8F-4B8B-4AA9-94D4-1D514ABE6215}.Debug|Any CPU.ActiveCfg = Debug|Any CPU
		{409BDD8F-4B8B-4AA9-94D4-1D514ABE6215}.Debug|Any CPU.Build.0 = Debug|Any CPU
		{409BDD8F-4B8B-4AA9-94D4-1D514ABE6215}.Release|Any CPU.ActiveCfg = Release|Any CPU
		{409BDD8F-4B8B-4AA9-94D4-1D514ABE6215}.Release|Any CPU.Build.0 = Release|Any CPU
		{B98EF7C8-E6E4-46EE-A085-321937FD1A7B}.Debug|Any CPU.ActiveCfg = Debug|Any CPU
		{B98EF7C8-E6E4-46EE-A085-321937FD1A7B}.Debug|Any CPU.Build.0 = Debug|Any CPU
		{B98EF7C8-E6E4-46EE-A085-321937FD1A7B}.Release|Any CPU.ActiveCfg = Release|Any CPU
		{B98EF7C8-E6E4-46EE-A085-321937FD1A7B}.Release|Any CPU.Build.0 = Release|Any CPU
	EndGlobalSection
	GlobalSection(SolutionProperties) = preSolution
		HideSolutionNode = FALSE
	EndGlobalSection
	GlobalSection(ExtensibilityGlobals) = postSolution
		SolutionGuid = {B9AD0BC1-296E-4657-96CF-31864F4EE571}
	EndGlobalSection
EndGlobal
